
Microsoft Visual Studio Solution File, Format Version 12.00
# Visual Studio Version 17
VisualStudioVersion = 17.8.34309.116
MinimumVisualStudioVersion = 10.0.40219.1
Project("{2150E333-8FDC-42A3-9474-1A3956D46DE8}") = "Framework.Applications", "Framework.Applications", "{E34A352D-3A97-4F31-984D-65A06A3AC697}"
EndProject
Project("{2150E333-8FDC-42A3-9474-1A3956D46DE8}") = "Framework.Shared", "Framework.Shared", "{15D11D13-5405-4A7B-993C-D6C114C41F47}"
EndProject
Project("{9A19103F-16F7-4668-BE54-9A1E7A4F7556}") = "AdminPanel", "AdminPanel\AdminPanel.csproj", "{B22D784D-A877-4E71-B6D5-5F5A9070DF2B}"
EndProject
Project("{9A19103F-16F7-4668-BE54-9A1E7A4F7556}") = "DAL", "DAL\DAL.csproj", "{92047E6A-828E-47EE-9D53-71F584E9E5EA}"
EndProject
Project("{9A19103F-16F7-4668-BE54-9A1E7A4F7556}") = "Entities", "Entities\Entities.csproj", "{A2C6AA03-5F94-4108-A8E0-92DD51A7F60A}"
EndProject
Project("{9A19103F-16F7-4668-BE54-9A1E7A4F7556}") = "Helpers", "Helpers\Helpers.csproj", "{9B3BF8E7-936B-47B1-89B2-3310895F3C5A}"
EndProject
Project("{9A19103F-16F7-4668-BE54-9A1E7A4F7556}") = "React.Web", "React.Web\React.Web.csproj", "{577C456B-45E8-45E1-AD1C-D83A6A7F99A2}"
EndProject
Project("{9A19103F-16F7-4668-BE54-9A1E7A4F7556}") = "Migration.CsvExporter", "Migration.CsvExporter\Migration.CsvExporter.csproj", "{A6D5C0E4-7D4F-4B45-BF8D-A6C1C2A8D2E7}"
EndProject
Global
	GlobalSection(SolutionConfigurationPlatforms) = preSolution
		Debug|Any CPU = Debug|Any CPU
		Release|Any CPU = Release|Any CPU
	EndGlobalSection
	GlobalSection(ProjectConfigurationPlatforms) = postSolution
		{B22D784D-A877-4E71-B6D5-5F5A9070DF2B}.Debug|Any CPU.ActiveCfg = Debug|Any CPU
		{B22D784D-A877-4E71-B6D5-5F5A9070DF2B}.Debug|Any CPU.Build.0 = Debug|Any CPU
		{B22D784D-A877-4E71-B6D5-5F5A9070DF2B}.Release|Any CPU.ActiveCfg = Release|Any CPU
		{B22D784D-A877-4E71-B6D5-5F5A9070DF2B}.Release|Any CPU.Build.0 = Release|Any CPU
		{92047E6A-828E-47EE-9D53-71F584E9E5EA}.Debug|Any CPU.ActiveCfg = Debug|Any CPU
		{92047E6A-828E-47EE-9D53-71F584E9E5EA}.Debug|Any CPU.Build.0 = Debug|Any CPU
		{92047E6A-828E-47EE-9D53-71F584E9E5EA}.Release|Any CPU.ActiveCfg = Release|Any CPU
		{92047E6A-828E-47EE-9D53-71F584E9E5EA}.Release|Any CPU.Build.0 = Release|Any CPU
		{A2C6AA03-5F94-4108-A8E0-92DD51A7F60A}.Debug|Any CPU.ActiveCfg = Debug|Any CPU
		{A2C6AA03-5F94-4108-A8E0-92DD51A7F60A}.Debug|Any CPU.Build.0 = Debug|Any CPU
		{A2C6AA03-5F94-4108-A8E0-92DD51A7F60A}.Release|Any CPU.ActiveCfg = Release|Any CPU
		{A2C6AA03-5F94-4108-A8E0-92DD51A7F60A}.Release|Any CPU.Build.0 = Release|Any CPU
		{9B3BF8E7-936B-47B1-89B2-3310895F3C5A}.Debug|Any CPU.ActiveCfg = Debug|Any CPU
		{9B3BF8E7-936B-47B1-89B2-3310895F3C5A}.Debug|Any CPU.Build.0 = Debug|Any CPU
		{9B3BF8E7-936B-47B1-89B2-3310895F3C5A}.Release|Any CPU.ActiveCfg = Release|Any CPU
		{9B3BF8E7-936B-47B1-89B2-3310895F3C5A}.Release|Any CPU.Build.0 = Release|Any CPU
		{577C456B-45E8-45E1-AD1C-D83A6A7F99A2}.Debug|Any CPU.ActiveCfg = Debug|Any CPU
		{577C456B-45E8-45E1-AD1C-D83A6A7F99A2}.Debug|Any CPU.Build.0 = Debug|Any CPU
		{577C456B-45E8-45E1-AD1C-D83A6A7F99A2}.Release|Any CPU.ActiveCfg = Release|Any CPU
		{577C456B-45E8-45E1-AD1C-D83A6A7F99A2}.Release|Any CPU.Build.0 = Release|Any CPU
		{A6D5C0E4-7D4F-4B45-BF8D-A6C1C2A8D2E7}.Debug|Any CPU.ActiveCfg = Debug|Any CPU
		{A6D5C0E4-7D4F-4B45-BF8D-A6C1C2A8D2E7}.Debug|Any CPU.Build.0 = Debug|Any CPU
		{A6D5C0E4-7D4F-4B45-BF8D-A6C1C2A8D2E7}.Release|Any CPU.ActiveCfg = Release|Any CPU
		{A6D5C0E4-7D4F-4B45-BF8D-A6C1C2A8D2E7}.Release|Any CPU.Build.0 = Release|Any CPU
	EndGlobalSection
	GlobalSection(SolutionProperties) = preSolution
		HideSolutionNode = FALSE
	EndGlobalSection
	GlobalSection(NestedProjects) = preSolution
		{B22D784D-A877-4E71-B6D5-5F5A9070DF2B} = {E34A352D-3A97-4F31-984D-65A06A3AC697}
		{92047E6A-828E-47EE-9D53-71F584E9E5EA} = {15D11D13-5405-4A7B-993C-D6C114C41F47}
		{A2C6AA03-5F94-4108-A8E0-92DD51A7F60A} = {15D11D13-5405-4A7B-993C-D6C114C41F47}
		{9B3BF8E7-936B-47B1-89B2-3310895F3C5A} = {15D11D13-5405-4A7B-993C-D6C114C41F47}
		{577C456B-45E8-45E1-AD1C-D83A6A7F99A2} = {15D11D13-5405-4A7B-993C-D6C114C41F47}
		{A6D5C0E4-7D4F-4B45-BF8D-A6C1C2A8D2E7} = {E34A352D-3A97-4F31-984D-65A06A3AC697}
	EndGlobalSection
	GlobalSection(ExtensibilityGlobals) = postSolution
		SolutionGuid = {BC16426A-AB65-4615-ADDA-C519D4976604}
	EndGlobalSection
EndGlobal
